
Microsoft Visual Studio Solution File, Format Version 12.00
# Visual Studio Version 17
VisualStudioVersion = 17.7.34221.43
MinimumVisualStudioVersion = 10.0.40219.1
Project("{FAE04EC0-301F-11D3-BF4B-00C04F79EFBC}") = "QWIIK.ProjectTest", "QWIIK.ProjectTest\QWIIK.ProjectTest.csproj", "{6CA49854-510E-4442-8B3E-2238EFEF71FE}"
EndProject
Global
	GlobalSection(SolutionConfigurationPlatforms) = preSolution
		Debug|Any CPU = Debug|Any CPU
		Release|Any CPU = Release|Any CPU
	EndGlobalSection
	GlobalSection(ProjectConfigurationPlatforms) = postSolution
		{6CA49854-510E-4442-8B3E-2238EFEF71FE}.Debug|Any CPU.ActiveCfg = Debug|Any CPU
		{6CA49854-510E-4442-8B3E-2238EFEF71FE}.Debug|Any CPU.Build.0 = Debug|Any CPU
		{6CA49854-510E-4442-8B3E-2238EFEF71FE}.Release|Any CPU.ActiveCfg = Release|Any CPU
		{6CA49854-510E-4442-8B3E-2238EFEF71FE}.Release|Any CPU.Build.0 = Release|Any CPU
	EndGlobalSection
	GlobalSection(SolutionProperties) = preSolution
		HideSolutionNode = FALSE
	EndGlobalSection
	GlobalSection(ExtensibilityGlobals) = postSolution
		SolutionGuid = {022E2648-CEBB-4F05-8C27-DDAF0FFC9E9D}
	EndGlobalSection
EndGlobal
